
Microsoft Visual Studio Solution File, Format Version 12.00
# Visual Studio 15
VisualStudioVersion = 15.0.27130.2036
MinimumVisualStudioVersion = 10.0.40219.1
Project("{FAE04EC0-301F-11D3-BF4B-00C04F79EFBC}") = "MinimalShaderExample", "MinimalShaderExample1\MinimalShaderExample\MinimalShaderExample.csproj", "{4796EE72-2D8F-4C27-81C2-0E9775AD8AED}"
EndProject
Project("{FAE04EC0-301F-11D3-BF4B-00C04F79EFBC}") = "MeshExample", "MeshExample1\MeshExample\MeshExample.csproj", "{A235EED0-93F0-477F-8D47-05B17DE872F7}"
EndProject
Project("{FAE04EC0-301F-11D3-BF4B-00C04F79EFBC}") = "InstancingExample", "InstancingExample1\InstancingExample\InstancingExample.csproj", "{05057509-95DD-4020-94F6-179F89C9F189}"
EndProject
Project("{FAE04EC0-301F-11D3-BF4B-00C04F79EFBC}") = "GeometryExample", "GeometryExample1\GeometryExample\GeometryExample.csproj", "{6EF2C935-166A-4B48-A54E-807D917F77D3}"
EndProject
Project("{FAE04EC0-301F-11D3-BF4B-00C04F79EFBC}") = "CameraTransformationExample", "CameraTransformationExample1\CameraTransformationExample\CameraTransformationExample.csproj", "{A4329A2F-097E-4741-A136-47EBBF2B1D79}"
EndProject
Project("{FAE04EC0-301F-11D3-BF4B-00C04F79EFBC}") = "PhongLightingExample", "PhongLightingExample1\PhongLightingExample\PhongLightingExample.csproj", "{06DC4DF6-0387-47A2-9849-6FD8DAA6A4CD}"
EndProject
Project("{FAE04EC0-301F-11D3-BF4B-00C04F79EFBC}") = "11 - Physics", "11 - Physics1\11 - Physics\11 - Physics.csproj", "{F54EF71F-A3FB-4C51-B808-65D96114BBE0}"
EndProject
Project("{FAE04EC0-301F-11D3-BF4B-00C04F79EFBC}") = "12 - ParticleSystem", "12 - ParticleSystem1\12 - ParticleSystem\12 - ParticleSystem.csproj", "{B413298B-9565-43DB-9DA2-8BEF778A37A7}"
EndProject
Project("{FAE04EC0-301F-11D3-BF4B-00C04F79EFBC}") = "Zenseless.Base", "12 - ParticleSystem1\Zenseless.Base\Zenseless.Base.csproj", "{B5332C5C-F83C-42BE-A48B-9987C1996CA6}"
EndProject
Project("{FAE04EC0-301F-11D3-BF4B-00C04F79EFBC}") = "Zenseless.ContentPipeline", "12 - ParticleSystem1\Zenseless.ContentPipeline\Zenseless.ContentPipeline.csproj", "{8F0A2C4A-C3AF-4DC7-8EE9-B270E0953879}"
EndProject
Project("{FAE04EC0-301F-11D3-BF4B-00C04F79EFBC}") = "Zenseless.Geometry", "12 - ParticleSystem1\Zenseless.Geometry\Zenseless.Geometry.csproj", "{BDCC87A5-FF6B-4B52-AADA-9F771B7338BE}"
EndProject
Project("{FAE04EC0-301F-11D3-BF4B-00C04F79EFBC}") = "Zenseless.HLGL", "12 - ParticleSystem1\Zenseless.HLGL\Zenseless.HLGL.csproj", "{278B8C6B-66CF-4F81-81F5-D519DB871F17}"
EndProject
Project("{FAE04EC0-301F-11D3-BF4B-00C04F79EFBC}") = "Zenseless.OpenGL", "12 - ParticleSystem1\Zenseless.OpenGL\Zenseless.OpenGL.csproj", "{22BB1CDD-EF6C-44C1-AFC2-25F334F16CFE}"
EndProject
Project("{FAE04EC0-301F-11D3-BF4B-00C04F79EFBC}") = "Zenseless.Sound", "12 - ParticleSystem1\Zenseless.Sound\Zenseless.Sound.csproj", "{8CB2D2C3-1923-432C-9087-58A31269A784}"
EndProject
Project("{FAE04EC0-301F-11D3-BF4B-00C04F79EFBC}") = "EnvMappingExample", "EnvMappingExample\EnvMappingExample\EnvMappingExample.csproj", "{146DDB7F-C637-42EE-AED5-33AB8962CBC5}"
EndProject
Global
	GlobalSection(SolutionConfigurationPlatforms) = preSolution
		Debug|Any CPU = Debug|Any CPU
		Release|Any CPU = Release|Any CPU
	EndGlobalSection
	GlobalSection(ProjectConfigurationPlatforms) = postSolution
		{4796EE72-2D8F-4C27-81C2-0E9775AD8AED}.Debug|Any CPU.ActiveCfg = Debug|Any CPU
		{4796EE72-2D8F-4C27-81C2-0E9775AD8AED}.Debug|Any CPU.Build.0 = Debug|Any CPU
		{4796EE72-2D8F-4C27-81C2-0E9775AD8AED}.Release|Any CPU.ActiveCfg = Release|Any CPU
		{4796EE72-2D8F-4C27-81C2-0E9775AD8AED}.Release|Any CPU.Build.0 = Release|Any CPU
		{A235EED0-93F0-477F-8D47-05B17DE872F7}.Debug|Any CPU.ActiveCfg = Debug|Any CPU
		{A235EED0-93F0-477F-8D47-05B17DE872F7}.Debug|Any CPU.Build.0 = Debug|Any CPU
		{A235EED0-93F0-477F-8D47-05B17DE872F7}.Release|Any CPU.ActiveCfg = Release|Any CPU
		{A235EED0-93F0-477F-8D47-05B17DE872F7}.Release|Any CPU.Build.0 = Release|Any CPU
		{05057509-95DD-4020-94F6-179F89C9F189}.Debug|Any CPU.ActiveCfg = Debug|Any CPU
		{05057509-95DD-4020-94F6-179F89C9F189}.Debug|Any CPU.Build.0 = Debug|Any CPU
		{05057509-95DD-4020-94F6-179F89C9F189}.Release|Any CPU.ActiveCfg = Release|Any CPU
		{05057509-95DD-4020-94F6-179F89C9F189}.Release|Any CPU.Build.0 = Release|Any CPU
		{6EF2C935-166A-4B48-A54E-807D917F77D3}.Debug|Any CPU.ActiveCfg = Debug|Any CPU
		{6EF2C935-166A-4B48-A54E-807D917F77D3}.Debug|Any CPU.Build.0 = Debug|Any CPU
		{6EF2C935-166A-4B48-A54E-807D917F77D3}.Release|Any CPU.ActiveCfg = Release|Any CPU
		{6EF2C935-166A-4B48-A54E-807D917F77D3}.Release|Any CPU.Build.0 = Release|Any CPU
		{A4329A2F-097E-4741-A136-47EBBF2B1D79}.Debug|Any CPU.ActiveCfg = Debug|Any CPU
		{A4329A2F-097E-4741-A136-47EBBF2B1D79}.Debug|Any CPU.Build.0 = Debug|Any CPU
		{A4329A2F-097E-4741-A136-47EBBF2B1D79}.Release|Any CPU.ActiveCfg = Release|Any CPU
		{A4329A2F-097E-4741-A136-47EBBF2B1D79}.Release|Any CPU.Build.0 = Release|Any CPU
		{06DC4DF6-0387-47A2-9849-6FD8DAA6A4CD}.Debug|Any CPU.ActiveCfg = Debug|Any CPU
		{06DC4DF6-0387-47A2-9849-6FD8DAA6A4CD}.Debug|Any CPU.Build.0 = Debug|Any CPU
		{06DC4DF6-0387-47A2-9849-6FD8DAA6A4CD}.Release|Any CPU.ActiveCfg = Release|Any CPU
		{06DC4DF6-0387-47A2-9849-6FD8DAA6A4CD}.Release|Any CPU.Build.0 = Release|Any CPU
		{F54EF71F-A3FB-4C51-B808-65D96114BBE0}.Debug|Any CPU.ActiveCfg = Debug|Any CPU
		{F54EF71F-A3FB-4C51-B808-65D96114BBE0}.Debug|Any CPU.Build.0 = Debug|Any CPU
		{F54EF71F-A3FB-4C51-B808-65D96114BBE0}.Release|Any CPU.ActiveCfg = Release|Any CPU
		{F54EF71F-A3FB-4C51-B808-65D96114BBE0}.Release|Any CPU.Build.0 = Release|Any CPU
		{B413298B-9565-43DB-9DA2-8BEF778A37A7}.Debug|Any CPU.ActiveCfg = Debug|Any CPU
		{B413298B-9565-43DB-9DA2-8BEF778A37A7}.Debug|Any CPU.Build.0 = Debug|Any CPU
		{B413298B-9565-43DB-9DA2-8BEF778A37A7}.Release|Any CPU.ActiveCfg = Release|Any CPU
		{B413298B-9565-43DB-9DA2-8BEF778A37A7}.Release|Any CPU.Build.0 = Release|Any CPU
		{B5332C5C-F83C-42BE-A48B-9987C1996CA6}.Debug|Any CPU.ActiveCfg = Debug|Any CPU
		{B5332C5C-F83C-42BE-A48B-9987C1996CA6}.Debug|Any CPU.Build.0 = Debug|Any CPU
		{B5332C5C-F83C-42BE-A48B-9987C1996CA6}.Release|Any CPU.ActiveCfg = Release|Any CPU
		{B5332C5C-F83C-42BE-A48B-9987C1996CA6}.Release|Any CPU.Build.0 = Release|Any CPU
		{8F0A2C4A-C3AF-4DC7-8EE9-B270E0953879}.Debug|Any CPU.ActiveCfg = Debug|Any CPU
		{8F0A2C4A-C3AF-4DC7-8EE9-B270E0953879}.Debug|Any CPU.Build.0 = Debug|Any CPU
		{8F0A2C4A-C3AF-4DC7-8EE9-B270E0953879}.Release|Any CPU.ActiveCfg = Release|Any CPU
		{8F0A2C4A-C3AF-4DC7-8EE9-B270E0953879}.Release|Any CPU.Build.0 = Release|Any CPU
		{BDCC87A5-FF6B-4B52-AADA-9F771B7338BE}.Debug|Any CPU.ActiveCfg = Debug|Any CPU
		{BDCC87A5-FF6B-4B52-AADA-9F771B7338BE}.Debug|Any CPU.Build.0 = Debug|Any CPU
		{BDCC87A5-FF6B-4B52-AADA-9F771B7338BE}.Release|Any CPU.ActiveCfg = Release|Any CPU
		{BDCC87A5-FF6B-4B52-AADA-9F771B7338BE}.Release|Any CPU.Build.0 = Release|Any CPU
		{278B8C6B-66CF-4F81-81F5-D519DB871F17}.Debug|Any CPU.ActiveCfg = Debug|Any CPU
		{278B8C6B-66CF-4F81-81F5-D519DB871F17}.Debug|Any CPU.Build.0 = Debug|Any CPU
		{278B8C6B-66CF-4F81-81F5-D519DB871F17}.Release|Any CPU.ActiveCfg = Release|Any CPU
		{278B8C6B-66CF-4F81-81F5-D519DB871F17}.Release|Any CPU.Build.0 = Release|Any CPU
		{22BB1CDD-EF6C-44C1-AFC2-25F334F16CFE}.Debug|Any CPU.ActiveCfg = Debug|Any CPU
		{22BB1CDD-EF6C-44C1-AFC2-25F334F16CFE}.Debug|Any CPU.Build.0 = Debug|Any CPU
		{22BB1CDD-EF6C-44C1-AFC2-25F334F16CFE}.Release|Any CPU.ActiveCfg = Release|Any CPU
		{22BB1CDD-EF6C-44C1-AFC2-25F334F16CFE}.Release|Any CPU.Build.0 = Release|Any CPU
		{8CB2D2C3-1923-432C-9087-58A31269A784}.Debug|Any CPU.ActiveCfg = Debug|Any CPU
		{8CB2D2C3-1923-432C-9087-58A31269A784}.Debug|Any CPU.Build.0 = Debug|Any CPU
		{8CB2D2C3-1923-432C-9087-58A31269A784}.Release|Any CPU.ActiveCfg = Release|Any CPU
		{8CB2D2C3-1923-432C-9087-58A31269A784}.Release|Any CPU.Build.0 = Release|Any CPU
		{146DDB7F-C637-42EE-AED5-33AB8962CBC5}.Debug|Any CPU.ActiveCfg = Debug|Any CPU
		{146DDB7F-C637-42EE-AED5-33AB8962CBC5}.Debug|Any CPU.Build.0 = Debug|Any CPU
		{146DDB7F-C637-42EE-AED5-33AB8962CBC5}.Release|Any CPU.ActiveCfg = Release|Any CPU
		{146DDB7F-C637-42EE-AED5-33AB8962CBC5}.Release|Any CPU.Build.0 = Release|Any CPU
	EndGlobalSection
	GlobalSection(SolutionProperties) = preSolution
		HideSolutionNode = FALSE
	EndGlobalSection
	GlobalSection(ExtensibilityGlobals) = postSolution
		SolutionGuid = {2C845CF4-6505-4136-A05A-87204E31FE5C}
	EndGlobalSection
EndGlobal
