
Microsoft Visual Studio Solution File, Format Version 12.00
# Visual Studio 15
VisualStudioVersion = 15.0.27130.2003
MinimumVisualStudioVersion = 10.0.40219.1
Project("{FAE04EC0-301F-11D3-BF4B-00C04F79EFBC}") = "MinimalShaderExample", "MinimalShaderExample1\MinimalShaderExample\MinimalShaderExample.csproj", "{4796EE72-2D8F-4C27-81C2-0E9775AD8AED}"
EndProject
Project("{FAE04EC0-301F-11D3-BF4B-00C04F79EFBC}") = "MeshExample", "MeshExample1\MeshExample\MeshExample.csproj", "{A235EED0-93F0-477F-8D47-05B17DE872F7}"
EndProject
Project("{FAE04EC0-301F-11D3-BF4B-00C04F79EFBC}") = "InstancingExample", "InstancingExample1\InstancingExample\InstancingExample.csproj", "{05057509-95DD-4020-94F6-179F89C9F189}"
EndProject
Project("{FAE04EC0-301F-11D3-BF4B-00C04F79EFBC}") = "GeometryExample", "GeometryExample1\GeometryExample\GeometryExample.csproj", "{6EF2C935-166A-4B48-A54E-807D917F77D3}"
EndProject
Project("{FAE04EC0-301F-11D3-BF4B-00C04F79EFBC}") = "CameraTransformationExample", "CameraTransformationExample1\CameraTransformationExample\CameraTransformationExample.csproj", "{A4329A2F-097E-4741-A136-47EBBF2B1D79}"
EndProject
Project("{FAE04EC0-301F-11D3-BF4B-00C04F79EFBC}") = "PhongLightingExample", "PhongLightingExample1\PhongLightingExample\PhongLightingExample.csproj", "{06DC4DF6-0387-47A2-9849-6FD8DAA6A4CD}"
EndProject
Project("{FAE04EC0-301F-11D3-BF4B-00C04F79EFBC}") = "11 - Physics", "11 - Physics1\11 - Physics\11 - Physics.csproj", "{F54EF71F-A3FB-4C51-B808-65D96114BBE0}"
EndProject
Project("{FAE04EC0-301F-11D3-BF4B-00C04F79EFBC}") = "12 - ParticleSystem", "12 - ParticleSystem1\12 - ParticleSystem\12 - ParticleSystem.csproj", "{B413298B-9565-43DB-9DA2-8BEF778A37A7}"
EndProject
Project("{FAE04EC0-301F-11D3-BF4B-00C04F79EFBC}") = "EnvMappingExample", "EnvMappingExample\EnvMappingExample\EnvMappingExample.csproj", "{146DDB7F-C637-42EE-AED5-33AB8962CBC5}"
EndProject
Project("{FAE04EC0-301F-11D3-BF4B-00C04F79EFBC}") = "13 - RenderToTexture", "13 - RenderToTexture1\13 - RenderToTexture\13 - RenderToTexture.csproj", "{5F59E9E5-5DF2-4035-8DCB-3E2471590882}"
EndProject
Project("{FAE04EC0-301F-11D3-BF4B-00C04F79EFBC}") = "TestSomeStuff", "ConsoleApp1\TestSomeStuff.csproj", "{1CF04909-0116-4D84-986B-83826E7BE4A3}"
EndProject
Project("{FAE04EC0-301F-11D3-BF4B-00C04F79EFBC}") = "14 - ShadowMappingExample", "14 - ShadowMappingExample1\14 - ShadowMappingExample\14 - ShadowMappingExample.csproj", "{E46E8FE3-5F4E-4F3D-9B7E-DDF204F6C821}"
EndProject
Project("{FAE04EC0-301F-11D3-BF4B-00C04F79EFBC}") = "Zenseless.Patterns", "ZenselessSourceAppEmpty3\Zenseless.Patterns\Zenseless.Patterns.csproj", "{7FB814C8-5195-497F-B578-7A5B6D7D97B6}"
EndProject
Project("{FAE04EC0-301F-11D3-BF4B-00C04F79EFBC}") = "Zenseless.ExampleFramework", "ZenselessSourceAppEmpty3\Zenseless.ExampleFramework\Zenseless.ExampleFramework.csproj", "{8B0FB6D8-55F5-47A0-8F04-A6DE1621FB9A}"
EndProject
Project("{FAE04EC0-301F-11D3-BF4B-00C04F79EFBC}") = "Zenseless.Geometry", "ZenselessSourceAppEmpty3\Zenseless.Geometry\Zenseless.Geometry.csproj", "{089CF72B-3173-49C1-A606-CE7C7E271B10}"
EndProject
Project("{FAE04EC0-301F-11D3-BF4B-00C04F79EFBC}") = "Zenseless.HLGL", "ZenselessSourceAppEmpty3\Zenseless.HLGL\Zenseless.HLGL.csproj", "{B99961DF-9D8D-4263-AA81-22F85D5E9F14}"
EndProject
Project("{FAE04EC0-301F-11D3-BF4B-00C04F79EFBC}") = "Zenseless.OpenGL", "ZenselessSourceAppEmpty3\Zenseless.OpenGL\Zenseless.OpenGL.csproj", "{2A9E593E-9439-48F7-BECF-C704F151D284}"
EndProject
Project("{FAE04EC0-301F-11D3-BF4B-00C04F79EFBC}") = "Zenseless.Sound", "ZenselessSourceAppEmpty3\Zenseless.Sound\Zenseless.Sound.csproj", "{729FED5B-E8C3-43BC-B173-4780D2C5D5D0}"
EndProject
Global
	GlobalSection(SolutionConfigurationPlatforms) = preSolution
		Debug|Any CPU = Debug|Any CPU
		Release|Any CPU = Release|Any CPU
	EndGlobalSection
	GlobalSection(ProjectConfigurationPlatforms) = postSolution
		{4796EE72-2D8F-4C27-81C2-0E9775AD8AED}.Debug|Any CPU.ActiveCfg = Debug|Any CPU
		{4796EE72-2D8F-4C27-81C2-0E9775AD8AED}.Debug|Any CPU.Build.0 = Debug|Any CPU
		{4796EE72-2D8F-4C27-81C2-0E9775AD8AED}.Release|Any CPU.ActiveCfg = Release|Any CPU
		{4796EE72-2D8F-4C27-81C2-0E9775AD8AED}.Release|Any CPU.Build.0 = Release|Any CPU
		{A235EED0-93F0-477F-8D47-05B17DE872F7}.Debug|Any CPU.ActiveCfg = Debug|Any CPU
		{A235EED0-93F0-477F-8D47-05B17DE872F7}.Debug|Any CPU.Build.0 = Debug|Any CPU
		{A235EED0-93F0-477F-8D47-05B17DE872F7}.Release|Any CPU.ActiveCfg = Release|Any CPU
		{A235EED0-93F0-477F-8D47-05B17DE872F7}.Release|Any CPU.Build.0 = Release|Any CPU
		{05057509-95DD-4020-94F6-179F89C9F189}.Debug|Any CPU.ActiveCfg = Debug|Any CPU
		{05057509-95DD-4020-94F6-179F89C9F189}.Debug|Any CPU.Build.0 = Debug|Any CPU
		{05057509-95DD-4020-94F6-179F89C9F189}.Release|Any CPU.ActiveCfg = Release|Any CPU
		{05057509-95DD-4020-94F6-179F89C9F189}.Release|Any CPU.Build.0 = Release|Any CPU
		{6EF2C935-166A-4B48-A54E-807D917F77D3}.Debug|Any CPU.ActiveCfg = Debug|Any CPU
		{6EF2C935-166A-4B48-A54E-807D917F77D3}.Debug|Any CPU.Build.0 = Debug|Any CPU
		{6EF2C935-166A-4B48-A54E-807D917F77D3}.Release|Any CPU.ActiveCfg = Release|Any CPU
		{6EF2C935-166A-4B48-A54E-807D917F77D3}.Release|Any CPU.Build.0 = Release|Any CPU
		{A4329A2F-097E-4741-A136-47EBBF2B1D79}.Debug|Any CPU.ActiveCfg = Debug|Any CPU
		{A4329A2F-097E-4741-A136-47EBBF2B1D79}.Debug|Any CPU.Build.0 = Debug|Any CPU
		{A4329A2F-097E-4741-A136-47EBBF2B1D79}.Release|Any CPU.ActiveCfg = Release|Any CPU
		{A4329A2F-097E-4741-A136-47EBBF2B1D79}.Release|Any CPU.Build.0 = Release|Any CPU
		{06DC4DF6-0387-47A2-9849-6FD8DAA6A4CD}.Debug|Any CPU.ActiveCfg = Debug|Any CPU
		{06DC4DF6-0387-47A2-9849-6FD8DAA6A4CD}.Debug|Any CPU.Build.0 = Debug|Any CPU
		{06DC4DF6-0387-47A2-9849-6FD8DAA6A4CD}.Release|Any CPU.ActiveCfg = Release|Any CPU
		{06DC4DF6-0387-47A2-9849-6FD8DAA6A4CD}.Release|Any CPU.Build.0 = Release|Any CPU
		{F54EF71F-A3FB-4C51-B808-65D96114BBE0}.Debug|Any CPU.ActiveCfg = Debug|Any CPU
		{F54EF71F-A3FB-4C51-B808-65D96114BBE0}.Debug|Any CPU.Build.0 = Debug|Any CPU
		{F54EF71F-A3FB-4C51-B808-65D96114BBE0}.Release|Any CPU.ActiveCfg = Release|Any CPU
		{F54EF71F-A3FB-4C51-B808-65D96114BBE0}.Release|Any CPU.Build.0 = Release|Any CPU
		{B413298B-9565-43DB-9DA2-8BEF778A37A7}.Debug|Any CPU.ActiveCfg = Debug|Any CPU
		{B413298B-9565-43DB-9DA2-8BEF778A37A7}.Debug|Any CPU.Build.0 = Debug|Any CPU
		{B413298B-9565-43DB-9DA2-8BEF778A37A7}.Release|Any CPU.ActiveCfg = Release|Any CPU
		{B413298B-9565-43DB-9DA2-8BEF778A37A7}.Release|Any CPU.Build.0 = Release|Any CPU
		{146DDB7F-C637-42EE-AED5-33AB8962CBC5}.Debug|Any CPU.ActiveCfg = Debug|Any CPU
		{146DDB7F-C637-42EE-AED5-33AB8962CBC5}.Debug|Any CPU.Build.0 = Debug|Any CPU
		{146DDB7F-C637-42EE-AED5-33AB8962CBC5}.Release|Any CPU.ActiveCfg = Release|Any CPU
		{146DDB7F-C637-42EE-AED5-33AB8962CBC5}.Release|Any CPU.Build.0 = Release|Any CPU
		{5F59E9E5-5DF2-4035-8DCB-3E2471590882}.Debug|Any CPU.ActiveCfg = Debug|Any CPU
		{5F59E9E5-5DF2-4035-8DCB-3E2471590882}.Debug|Any CPU.Build.0 = Debug|Any CPU
		{5F59E9E5-5DF2-4035-8DCB-3E2471590882}.Release|Any CPU.ActiveCfg = Release|Any CPU
		{5F59E9E5-5DF2-4035-8DCB-3E2471590882}.Release|Any CPU.Build.0 = Release|Any CPU
		{1CF04909-0116-4D84-986B-83826E7BE4A3}.Debug|Any CPU.ActiveCfg = Debug|Any CPU
		{1CF04909-0116-4D84-986B-83826E7BE4A3}.Debug|Any CPU.Build.0 = Debug|Any CPU
		{1CF04909-0116-4D84-986B-83826E7BE4A3}.Release|Any CPU.ActiveCfg = Release|Any CPU
		{1CF04909-0116-4D84-986B-83826E7BE4A3}.Release|Any CPU.Build.0 = Release|Any CPU
		{E46E8FE3-5F4E-4F3D-9B7E-DDF204F6C821}.Debug|Any CPU.ActiveCfg = Debug|Any CPU
		{E46E8FE3-5F4E-4F3D-9B7E-DDF204F6C821}.Debug|Any CPU.Build.0 = Debug|Any CPU
		{E46E8FE3-5F4E-4F3D-9B7E-DDF204F6C821}.Release|Any CPU.ActiveCfg = Release|Any CPU
		{E46E8FE3-5F4E-4F3D-9B7E-DDF204F6C821}.Release|Any CPU.Build.0 = Release|Any CPU
		{7FB814C8-5195-497F-B578-7A5B6D7D97B6}.Debug|Any CPU.ActiveCfg = Debug|Any CPU
		{7FB814C8-5195-497F-B578-7A5B6D7D97B6}.Debug|Any CPU.Build.0 = Debug|Any CPU
		{7FB814C8-5195-497F-B578-7A5B6D7D97B6}.Release|Any CPU.ActiveCfg = Release|Any CPU
		{7FB814C8-5195-497F-B578-7A5B6D7D97B6}.Release|Any CPU.Build.0 = Release|Any CPU
		{8B0FB6D8-55F5-47A0-8F04-A6DE1621FB9A}.Debug|Any CPU.ActiveCfg = Debug|Any CPU
		{8B0FB6D8-55F5-47A0-8F04-A6DE1621FB9A}.Debug|Any CPU.Build.0 = Debug|Any CPU
		{8B0FB6D8-55F5-47A0-8F04-A6DE1621FB9A}.Release|Any CPU.ActiveCfg = Release|Any CPU
		{8B0FB6D8-55F5-47A0-8F04-A6DE1621FB9A}.Release|Any CPU.Build.0 = Release|Any CPU
		{089CF72B-3173-49C1-A606-CE7C7E271B10}.Debug|Any CPU.ActiveCfg = Debug|Any CPU
		{089CF72B-3173-49C1-A606-CE7C7E271B10}.Debug|Any CPU.Build.0 = Debug|Any CPU
		{089CF72B-3173-49C1-A606-CE7C7E271B10}.Release|Any CPU.ActiveCfg = Release|Any CPU
		{089CF72B-3173-49C1-A606-CE7C7E271B10}.Release|Any CPU.Build.0 = Release|Any CPU
		{B99961DF-9D8D-4263-AA81-22F85D5E9F14}.Debug|Any CPU.ActiveCfg = Debug|Any CPU
		{B99961DF-9D8D-4263-AA81-22F85D5E9F14}.Debug|Any CPU.Build.0 = Debug|Any CPU
		{B99961DF-9D8D-4263-AA81-22F85D5E9F14}.Release|Any CPU.ActiveCfg = Release|Any CPU
		{B99961DF-9D8D-4263-AA81-22F85D5E9F14}.Release|Any CPU.Build.0 = Release|Any CPU
		{2A9E593E-9439-48F7-BECF-C704F151D284}.Debug|Any CPU.ActiveCfg = Debug|Any CPU
		{2A9E593E-9439-48F7-BECF-C704F151D284}.Debug|Any CPU.Build.0 = Debug|Any CPU
		{2A9E593E-9439-48F7-BECF-C704F151D284}.Release|Any CPU.ActiveCfg = Release|Any CPU
		{2A9E593E-9439-48F7-BECF-C704F151D284}.Release|Any CPU.Build.0 = Release|Any CPU
		{729FED5B-E8C3-43BC-B173-4780D2C5D5D0}.Debug|Any CPU.ActiveCfg = Debug|Any CPU
		{729FED5B-E8C3-43BC-B173-4780D2C5D5D0}.Debug|Any CPU.Build.0 = Debug|Any CPU
		{729FED5B-E8C3-43BC-B173-4780D2C5D5D0}.Release|Any CPU.ActiveCfg = Release|Any CPU
		{729FED5B-E8C3-43BC-B173-4780D2C5D5D0}.Release|Any CPU.Build.0 = Release|Any CPU
	EndGlobalSection
	GlobalSection(SolutionProperties) = preSolution
		HideSolutionNode = FALSE
	EndGlobalSection
	GlobalSection(ExtensibilityGlobals) = postSolution
		SolutionGuid = {2C845CF4-6505-4136-A05A-87204E31FE5C}
	EndGlobalSection
EndGlobal
