
Microsoft Visual Studio Solution File, Format Version 12.00
# Visual Studio 15
VisualStudioVersion = 15.0.27130.2003
MinimumVisualStudioVersion = 10.0.40219.1
Project("{FAE04EC0-301F-11D3-BF4B-00C04F79EFBC}") = "MinimalShaderExample", "MinimalShaderExample1\MinimalShaderExample\MinimalShaderExample.csproj", "{4796EE72-2D8F-4C27-81C2-0E9775AD8AED}"
EndProject
Project("{FAE04EC0-301F-11D3-BF4B-00C04F79EFBC}") = "MeshExample", "MeshExample1\MeshExample\MeshExample.csproj", "{A235EED0-93F0-477F-8D47-05B17DE872F7}"
EndProject
Project("{FAE04EC0-301F-11D3-BF4B-00C04F79EFBC}") = "InstancingExample", "InstancingExample1\InstancingExample\InstancingExample.csproj", "{05057509-95DD-4020-94F6-179F89C9F189}"
EndProject
Project("{FAE04EC0-301F-11D3-BF4B-00C04F79EFBC}") = "GeometryExample", "GeometryExample1\GeometryExample\GeometryExample.csproj", "{6EF2C935-166A-4B48-A54E-807D917F77D3}"
EndProject
Project("{FAE04EC0-301F-11D3-BF4B-00C04F79EFBC}") = "CameraTransformationExample", "CameraTransformationExample1\CameraTransformationExample\CameraTransformationExample.csproj", "{A4329A2F-097E-4741-A136-47EBBF2B1D79}"
EndProject
Project("{FAE04EC0-301F-11D3-BF4B-00C04F79EFBC}") = "Zenseless.Base", "PhongLightingExample1\Zenseless.Base\Zenseless.Base.csproj", "{2E022B79-BB89-458A-9C3D-5318F6888AA9}"
EndProject
Project("{FAE04EC0-301F-11D3-BF4B-00C04F79EFBC}") = "Zenseless.ContentPipeline", "PhongLightingExample1\Zenseless.ContentPipeline\Zenseless.ContentPipeline.csproj", "{9556241D-9859-4CA4-BB80-92F759C0C2E6}"
EndProject
Project("{FAE04EC0-301F-11D3-BF4B-00C04F79EFBC}") = "Zenseless.Geometry", "PhongLightingExample1\Zenseless.Geometry\Zenseless.Geometry.csproj", "{4556CF76-D5EA-48FF-9B4E-2AEF26C01910}"
EndProject
Project("{FAE04EC0-301F-11D3-BF4B-00C04F79EFBC}") = "Zenseless.HLGL", "PhongLightingExample1\Zenseless.HLGL\Zenseless.HLGL.csproj", "{1AB086A1-2063-4B87-9FDA-775FA751807D}"
EndProject
Project("{FAE04EC0-301F-11D3-BF4B-00C04F79EFBC}") = "Zenseless.OpenGL", "PhongLightingExample1\Zenseless.OpenGL\Zenseless.OpenGL.csproj", "{1BF4FA5F-9DBB-4A3F-BAD1-D1DB7ED97759}"
EndProject
Project("{FAE04EC0-301F-11D3-BF4B-00C04F79EFBC}") = "Zenseless.Sound", "PhongLightingExample1\Zenseless.Sound\Zenseless.Sound.csproj", "{F3231FD5-5D9B-4A38-BC85-E2BE5F5FF463}"
EndProject
Project("{FAE04EC0-301F-11D3-BF4B-00C04F79EFBC}") = "PhongLightingExample", "PhongLightingExample1\PhongLightingExample\PhongLightingExample.csproj", "{06DC4DF6-0387-47A2-9849-6FD8DAA6A4CD}"
EndProject
Project("{FAE04EC0-301F-11D3-BF4B-00C04F79EFBC}") = "GeometryExample", "GeometryExample\GeometryExample.csproj", "{C9043719-1776-48D3-9515-5370F1508C48}"
EndProject
Project("{FAE04EC0-301F-11D3-BF4B-00C04F79EFBC}") = "ShaderDebugDialogExample", "ShaderDebugDialogExample1\ShaderDebugDialogExample\ShaderDebugDialogExample.csproj", "{EB221D63-538B-4FBC-9573-B19488E49FD9}"
EndProject
Global
	GlobalSection(SolutionConfigurationPlatforms) = preSolution
		Debug|Any CPU = Debug|Any CPU
		Release|Any CPU = Release|Any CPU
	EndGlobalSection
	GlobalSection(ProjectConfigurationPlatforms) = postSolution
		{4796EE72-2D8F-4C27-81C2-0E9775AD8AED}.Debug|Any CPU.ActiveCfg = Debug|Any CPU
		{4796EE72-2D8F-4C27-81C2-0E9775AD8AED}.Debug|Any CPU.Build.0 = Debug|Any CPU
		{4796EE72-2D8F-4C27-81C2-0E9775AD8AED}.Release|Any CPU.ActiveCfg = Release|Any CPU
		{4796EE72-2D8F-4C27-81C2-0E9775AD8AED}.Release|Any CPU.Build.0 = Release|Any CPU
		{A235EED0-93F0-477F-8D47-05B17DE872F7}.Debug|Any CPU.ActiveCfg = Debug|Any CPU
		{A235EED0-93F0-477F-8D47-05B17DE872F7}.Debug|Any CPU.Build.0 = Debug|Any CPU
		{A235EED0-93F0-477F-8D47-05B17DE872F7}.Release|Any CPU.ActiveCfg = Release|Any CPU
		{A235EED0-93F0-477F-8D47-05B17DE872F7}.Release|Any CPU.Build.0 = Release|Any CPU
		{05057509-95DD-4020-94F6-179F89C9F189}.Debug|Any CPU.ActiveCfg = Debug|Any CPU
		{05057509-95DD-4020-94F6-179F89C9F189}.Debug|Any CPU.Build.0 = Debug|Any CPU
		{05057509-95DD-4020-94F6-179F89C9F189}.Release|Any CPU.ActiveCfg = Release|Any CPU
		{05057509-95DD-4020-94F6-179F89C9F189}.Release|Any CPU.Build.0 = Release|Any CPU
		{6EF2C935-166A-4B48-A54E-807D917F77D3}.Debug|Any CPU.ActiveCfg = Debug|Any CPU
		{6EF2C935-166A-4B48-A54E-807D917F77D3}.Debug|Any CPU.Build.0 = Debug|Any CPU
		{6EF2C935-166A-4B48-A54E-807D917F77D3}.Release|Any CPU.ActiveCfg = Release|Any CPU
		{6EF2C935-166A-4B48-A54E-807D917F77D3}.Release|Any CPU.Build.0 = Release|Any CPU
		{A4329A2F-097E-4741-A136-47EBBF2B1D79}.Debug|Any CPU.ActiveCfg = Debug|Any CPU
		{A4329A2F-097E-4741-A136-47EBBF2B1D79}.Debug|Any CPU.Build.0 = Debug|Any CPU
		{A4329A2F-097E-4741-A136-47EBBF2B1D79}.Release|Any CPU.ActiveCfg = Release|Any CPU
		{A4329A2F-097E-4741-A136-47EBBF2B1D79}.Release|Any CPU.Build.0 = Release|Any CPU
		{2E022B79-BB89-458A-9C3D-5318F6888AA9}.Debug|Any CPU.ActiveCfg = Debug|Any CPU
		{2E022B79-BB89-458A-9C3D-5318F6888AA9}.Debug|Any CPU.Build.0 = Debug|Any CPU
		{2E022B79-BB89-458A-9C3D-5318F6888AA9}.Release|Any CPU.ActiveCfg = Release|Any CPU
		{2E022B79-BB89-458A-9C3D-5318F6888AA9}.Release|Any CPU.Build.0 = Release|Any CPU
		{9556241D-9859-4CA4-BB80-92F759C0C2E6}.Debug|Any CPU.ActiveCfg = Debug|Any CPU
		{9556241D-9859-4CA4-BB80-92F759C0C2E6}.Debug|Any CPU.Build.0 = Debug|Any CPU
		{9556241D-9859-4CA4-BB80-92F759C0C2E6}.Release|Any CPU.ActiveCfg = Release|Any CPU
		{9556241D-9859-4CA4-BB80-92F759C0C2E6}.Release|Any CPU.Build.0 = Release|Any CPU
		{4556CF76-D5EA-48FF-9B4E-2AEF26C01910}.Debug|Any CPU.ActiveCfg = Debug|Any CPU
		{4556CF76-D5EA-48FF-9B4E-2AEF26C01910}.Debug|Any CPU.Build.0 = Debug|Any CPU
		{4556CF76-D5EA-48FF-9B4E-2AEF26C01910}.Release|Any CPU.ActiveCfg = Release|Any CPU
		{4556CF76-D5EA-48FF-9B4E-2AEF26C01910}.Release|Any CPU.Build.0 = Release|Any CPU
		{1AB086A1-2063-4B87-9FDA-775FA751807D}.Debug|Any CPU.ActiveCfg = Debug|Any CPU
		{1AB086A1-2063-4B87-9FDA-775FA751807D}.Debug|Any CPU.Build.0 = Debug|Any CPU
		{1AB086A1-2063-4B87-9FDA-775FA751807D}.Release|Any CPU.ActiveCfg = Release|Any CPU
		{1AB086A1-2063-4B87-9FDA-775FA751807D}.Release|Any CPU.Build.0 = Release|Any CPU
		{1BF4FA5F-9DBB-4A3F-BAD1-D1DB7ED97759}.Debug|Any CPU.ActiveCfg = Debug|Any CPU
		{1BF4FA5F-9DBB-4A3F-BAD1-D1DB7ED97759}.Debug|Any CPU.Build.0 = Debug|Any CPU
		{1BF4FA5F-9DBB-4A3F-BAD1-D1DB7ED97759}.Release|Any CPU.ActiveCfg = Release|Any CPU
		{1BF4FA5F-9DBB-4A3F-BAD1-D1DB7ED97759}.Release|Any CPU.Build.0 = Release|Any CPU
		{F3231FD5-5D9B-4A38-BC85-E2BE5F5FF463}.Debug|Any CPU.ActiveCfg = Debug|Any CPU
		{F3231FD5-5D9B-4A38-BC85-E2BE5F5FF463}.Debug|Any CPU.Build.0 = Debug|Any CPU
		{F3231FD5-5D9B-4A38-BC85-E2BE5F5FF463}.Release|Any CPU.ActiveCfg = Release|Any CPU
		{F3231FD5-5D9B-4A38-BC85-E2BE5F5FF463}.Release|Any CPU.Build.0 = Release|Any CPU
		{06DC4DF6-0387-47A2-9849-6FD8DAA6A4CD}.Debug|Any CPU.ActiveCfg = Debug|Any CPU
		{06DC4DF6-0387-47A2-9849-6FD8DAA6A4CD}.Debug|Any CPU.Build.0 = Debug|Any CPU
		{06DC4DF6-0387-47A2-9849-6FD8DAA6A4CD}.Release|Any CPU.ActiveCfg = Release|Any CPU
		{06DC4DF6-0387-47A2-9849-6FD8DAA6A4CD}.Release|Any CPU.Build.0 = Release|Any CPU
	EndGlobalSection
	GlobalSection(SolutionProperties) = preSolution
		HideSolutionNode = FALSE
	EndGlobalSection
	GlobalSection(ExtensibilityGlobals) = postSolution
		SolutionGuid = {2C845CF4-6505-4136-A05A-87204E31FE5C}
	EndGlobalSection
EndGlobal
